
Microsoft Visual Studio Solution File, Format Version 12.00
# Visual Studio 15
VisualStudioVersion = 15.0.27004.2002
MinimumVisualStudioVersion = 10.0.40219.1
Project("{FAE04EC0-301F-11D3-BF4B-00C04F79EFBC}") = "Useless Interfaces for Lists", "Useless Interfaces for Lists\Useless Interfaces for Lists.csproj", "{048209D6-BA8E-4829-92C2-53A30E0415D3}"
EndProject
Global
	GlobalSection(SolutionConfigurationPlatforms) = preSolution
		Debug|Any CPU = Debug|Any CPU
		Release|Any CPU = Release|Any CPU
	EndGlobalSection
	GlobalSection(ProjectConfigurationPlatforms) = postSolution
		{048209D6-BA8E-4829-92C2-53A30E0415D3}.Debug|Any CPU.ActiveCfg = Debug|Any CPU
		{048209D6-BA8E-4829-92C2-53A30E0415D3}.Debug|Any CPU.Build.0 = Debug|Any CPU
		{048209D6-BA8E-4829-92C2-53A30E0415D3}.Release|Any CPU.ActiveCfg = Release|Any CPU
		{048209D6-BA8E-4829-92C2-53A30E0415D3}.Release|Any CPU.Build.0 = Release|Any CPU
	EndGlobalSection
	GlobalSection(SolutionProperties) = preSolution
		HideSolutionNode = FALSE
	EndGlobalSection
	GlobalSection(ExtensibilityGlobals) = postSolution
		SolutionGuid = {5936CEE1-753B-4C5B-9D73-ABD094EC25CD}
	EndGlobalSection
EndGlobal
